
Microsoft Visual Studio Solution File, Format Version 12.00
# Visual Studio Version 17
VisualStudioVersion = 17.0.31808.319
MinimumVisualStudioVersion = 10.0.40219.1
Project("{FAE04EC0-301F-11D3-BF4B-00C04F79EFBC}") = "dotLiquidTester", "dotLiquidTester\dotLiquidTester.csproj", "{C1A052F2-4E30-4771-808F-9733F7CEFBDE}"
EndProject
Global
	GlobalSection(SolutionConfigurationPlatforms) = preSolution
		Debug|Any CPU = Debug|Any CPU
		Release|Any CPU = Release|Any CPU
	EndGlobalSection
	GlobalSection(ProjectConfigurationPlatforms) = postSolution
		{C1A052F2-4E30-4771-808F-9733F7CEFBDE}.Debug|Any CPU.ActiveCfg = Debug|Any CPU
		{C1A052F2-4E30-4771-808F-9733F7CEFBDE}.Debug|Any CPU.Build.0 = Debug|Any CPU
		{C1A052F2-4E30-4771-808F-9733F7CEFBDE}.Release|Any CPU.ActiveCfg = Release|Any CPU
		{C1A052F2-4E30-4771-808F-9733F7CEFBDE}.Release|Any CPU.Build.0 = Release|Any CPU
	EndGlobalSection
	GlobalSection(SolutionProperties) = preSolution
		HideSolutionNode = FALSE
	EndGlobalSection
	GlobalSection(ExtensibilityGlobals) = postSolution
		SolutionGuid = {2990BFA5-0A47-4F37-94C4-2A2D67389EA8}
	EndGlobalSection
EndGlobal
